gerrit.o-ran-sc.org/r/ric-plt/nodeb-rnib.git/common v1.0.27 h1:frasTDcg8Q8FgYutzJ+xSLHz9YseR2BmPSSBs4GI/1M=
gerrit.o-ran-sc.org/r/ric-plt/nodeb-rnib.git/common v1.0.27/go.mod h1:QJ1uPPZosGbhxUWpUpeM5fLqFHdnWTrVnvW2DgyOCes=
gerrit.o-ran-sc.org/r/ric-plt/nodeb-rnib.git/common v1.0.28 h1:Rewapfbc30ZkBaYB/3gW3W1BEivoiPdQm5UnmUswcMA=
gerrit.o-ran-sc.org/r/ric-plt/nodeb-rnib.git/common v1.0.28/go.mod h1:QJ1uPPZosGbhxUWpUpeM5fLqFHdnWTrVnvW2DgyOCes=
gerrit.o-ran-sc.org/r/ric-plt/nodeb-rnib.git/entities v1.0.27 h1:nvZDzuB/SYKDuF1It7M4/Y/iVlVrCZ0Ob8AITAyppKo=
gerrit.o-ran-sc.org/r/ric-plt/nodeb-rnib.git/entities v1.0.27/go.mod h1:Fh23KkroYw5CRBh39WzZzxpKSkpQWL3scdzGnMngLo8=
gerrit.o-ran-sc.org/r/ric-plt/nodeb-rnib.git/entities v1.0.28 h1:+8Nn+Jn/AvhwBI1LtLsNS1PtOGAOYUHdicOrMn/8mmU=
gerrit.o-ran-sc.org/r/ric-plt/nodeb-rnib.git/entities v1.0.28/go.mod h1:Fh23KkroYw5CRBh39WzZzxpKSkpQWL3scdzGnMngLo8=
gerrit.o-ran-sc.org/r/ric-plt/nodeb-rnib.git/reader v1.0.23 h1:TYV3HE2UNwGOWiA4C226/WhB94crwjuHKIFTgDDvo8I=
gerrit.o-ran-sc.org/r/ric-plt/nodeb-rnib.git/reader v1.0.23/go.mod h1:uZVjwZjfWV4JJzyQVO/O48Ykph57zfpfMB7nK+WGKX8=
gerrit.o-ran-sc.org/r/ric-plt/nodeb-rnib.git/reader v1.0.24 h1:Wwp36IoHwp091lXVCYLtFK6AMhoGAR4NYEgW1C42h6k=
gerrit.o-ran-sc.org/r/ric-plt/nodeb-rnib.git/reader v1.0.24/go.mod h1:Qi0e0BsGtsMdyJQS0PBtvHBDKEimjtDjQtVUxGZqTtM=
gerrit.o-ran-sc.org/r/ric-plt/nodeb-rnib.git/reader v1.0.27 h1:sWjlU/wBiWIBeSixnr9etCqtNmS2LW8jv+x2JGpf2eI=
gerrit.o-ran-sc.org/r/ric-plt/nodeb-rnib.git/reader v1.0.27/go.mod h1:vZ/335+rRSQW82wcbc80fNNICSK3TiCqIxmkqeC2Pfo=
gerrit.o-ran-sc.org/r/ric-plt/nodeb-rnib.git/reader v1.0.28 h1:AaYvK59fxDXQUV9NCo6WuxDOvBQbnRU3WTPyJaYhkkg=
gerrit.o-ran-sc.org/r/ric-plt/nodeb-rnib.git/reader v1.0.28/go.mod h1:vZ/335+rRSQW82wcbc80fNNICSK3TiCqIxmkqeC2Pfo=
gerrit.o-ran-sc.org/r/ric-plt/sdlgo.git v0.5.0 h1:+P3XuWKSaMbzh5PNtrW9gkZlCN0hKrZq+Cn8JetwBys=
gerrit.o-ran-sc.org/r/ric-plt/sdlgo.git v0.5.0/go.mod h1:y2WhrCvdLkAKdH+ySdHSOSehACJkTMyZghCGVcqoZzc=
github.com/davecgh/go-spew v1.1.0 h1:ZDRjVQ15GmhC3fiQ8ni8+OwkZQO4DARzQgrnXU1Liz8=
github.com/davecgh/go-spew v1.1.0/go.mod h1:J7Y8YcW2NihsgmVo/mv3lAwl/skON4iLHjSsI+c5H38=
github.com/fsnotify/fsnotify v1.4.7/go.mod h1:jwhsz4b93w/PPRr/qN1Yymfu8t87LnFCMoQvtojpjFo=
github.com/go-redis/redis v6.15.3+incompatible h1:NZ0O90AhLSvSrvLZ/S9h7D4kl1mW2PrKyxL7MyBKO2g=
github.com/go-redis/redis v6.15.3+incompatible/go.mod h1:W2YCLaZryXHirdd9QqwkiVUxCQsrx8SbLq9Uqk7JS7A=
github.com/golang/protobuf v1.2.0/go.mod h1:6lQm79b+lXiMfvg/cZm0SGofjICqVBUtrP5yJMmIC1U=
github.com/golang/protobuf v1.3.1 h1:YF8+flBXS5eO826T4nzqPrxfhQThhXl0YzfuUPu4SBg=
github.com/golang/protobuf v1.3.1/go.mod h1:6lQm79b+lXiMfvg/cZm0SGofjICqVBUtrP5yJMmIC1U=
github.com/golang/protobuf v1.3.2 h1:6nsPYzhq5kReh6QImI3k5qWzO4PEbvbIW2cwSfR/6xs=
github.com/golang/protobuf v1.3.2/go.mod h1:6lQm79b+lXiMfvg/cZm0SGofjICqVBUtrP5yJMmIC1U=
github.com/hpcloud/tail v1.0.0/go.mod h1:ab1qPbhIpdTxEkNHXyeSf5vhxWSCs/tWer42PpOxQnU=
github.com/onsi/ginkgo v1.6.0/go.mod h1:lLunBs/Ym6LB5Z9jYTR76FiuTmxDTDusOGeTQH+WWjE=
github.com/onsi/ginkgo v1.8.0/go.mod h1:lLunBs/Ym6LB5Z9jYTR76FiuTmxDTDusOGeTQH+WWjE=
github.com/onsi/gomega v1.5.0/go.mod h1:ex+gbHU/CVuBBDIJjb2X0qEXbFg53c61hWP/1CpauHY=
github.com/pkg/errors v0.8.1/go.mod h1:bwawxfHBFNV+L2hUp1rHADufV3IMtnDRdf1r5NINEl0=
github.com/pmezard/go-difflib v1.0.0 h1:4DBwDE0NGyQoBHbLQYPwSUPoCMWR5BEzIk/f1lZbAQM=
github.com/pmezard/go-difflib v1.0.0/go.mod h1:iKH77koFhYxTK1pcRnkKkqfTogsbg7gZNVY4sRDYZ/4=
github.com/stretchr/objx v0.1.0 h1:4G4v2dO3VZwixGIRoQ5Lfboy6nUhCyYzaqnIAPPhYs4=
github.com/stretchr/objx v0.1.0/go.mod h1:HFkY916IF+rwdDfMAkV7OtwuqBVzrE8GR6GFx+wExME=
github.com/stretchr/testify v1.3.0 h1:TivCn/peBQ7UY8ooIcPgZFpTNSz0Q2U6UrFlUfqbe0Q=
github.com/stretchr/testify v1.3.0/go.mod h1:M5WIy9Dh21IEIfnGCwXGc5bZfKNJtfHm1UVUgZn+9EI=
golang.org/x/net v0.0.0-20180906233101-161cd47e91fd/go.mod h1:mL1N/T3taQHkDXs73rZJwtUhF3w3ftmwwsq0BUmARs4=
golang.org/x/sync v0.0.0-20180314180146-1d60e4601c6f/go.mod h1:RxMgew5VJxzue5/jJTE5uejpjVlOe/izrB70Jof72aM=
golang.org/x/sys v0.0.0-20180909124046-d0be0721c37e/go.mod h1:STP8DvDyc/dI5b8T5hshtkjS+E42TnysNCUPdjciGhY=
golang.org/x/sys v0.0.0-20190204203706-41f3e6584952/go.mod h1:STP8DvDyc/dI5b8T5hshtkjS+E42TnysNCUPdjciGhY=
golang.org/x/text v0.3.0/go.mod h1:NqM8EUOU14njkJ3fqMW+pc6Ldnwhi/IjpwHt7yyuwOQ=
gopkg.in/check.v1 v0.0.0-20161208181325-20d25e280405/go.mod h1:Co6ibVJAznAaIkqp8huTwlJQCZ016jof/cbN4VW5Yz0=
gopkg.in/fsnotify.v1 v1.4.7/go.mod h1:Tz8NjZHkW78fSQdbUxIjBTcgA1z1m8ZHf0WmKUhAMys=
gopkg.in/tomb.v1 v1.0.0-20141024135613-dd632973f1e7/go.mod h1:dt/ZhP58zS4L8KSrWDmTeBkI65Dw0HsyUHuEVlX15mw=
gopkg.in/yaml.v2 v2.2.1/go.mod h1:hI93XBmqTisBFMUTm0b8Fm+jr3Dg1NNxqwp+5A1VGuI=
